
Microsoft Visual Studio Solution File, Format Version 12.00
# Visual Studio Version 17
VisualStudioVersion = 17.0.31717.71
MinimumVisualStudioVersion = 10.0.40219.1
Project("{FAE04EC0-301F-11D3-BF4B-00C04F79EFBC}") = "BetterMutes", "BetterMutes\BetterMutes.csproj", "{678B0F5F-4670-408F-99E1-5D8A9A9598A4}"
EndProject
Global
	GlobalSection(SolutionConfigurationPlatforms) = preSolution
		Debug|Any CPU = Debug|Any CPU
		Release|Any CPU = Release|Any CPU
	EndGlobalSection
	GlobalSection(ProjectConfigurationPlatforms) = postSolution
		{678B0F5F-4670-408F-99E1-5D8A9A9598A4}.Debug|Any CPU.ActiveCfg = Debug|Any CPU
		{678B0F5F-4670-408F-99E1-5D8A9A9598A4}.Debug|Any CPU.Build.0 = Debug|Any CPU
		{678B0F5F-4670-408F-99E1-5D8A9A9598A4}.Release|Any CPU.ActiveCfg = Release|Any CPU
		{678B0F5F-4670-408F-99E1-5D8A9A9598A4}.Release|Any CPU.Build.0 = Release|Any CPU
	EndGlobalSection
	GlobalSection(SolutionProperties) = preSolution
		HideSolutionNode = FALSE
	EndGlobalSection
	GlobalSection(ExtensibilityGlobals) = postSolution
		SolutionGuid = {863C1BCB-525D-4120-A447-D62B228E1989}
	EndGlobalSection
EndGlobal
